schema: '2.0'
stages:
  data_ingestion:
    cmd: python src\cnnClassifier\pipeline\stage_01_data_ingestion.py
    deps:
    - path: config\config.yaml
      hash: md5
      md5: 031dae50f185bda7e74ed874513ec6c9
      size: 1051
    - path: src\cnnClassifier\pipeline\stage_01_data_ingestion.py
      hash: md5
      md5: ea779d243a1337a2c6acfa01b666c7b2
      size: 897
    outs:
    - path: artifacts\data_ingestion\Data-CS-DVC
      hash: md5
      md5: 610035a60297d85b632bea6839d1f6f0.dir
      size: 36839656
      nfiles: 332
  prepare_base_model:
    cmd: python src\cnnClassifier\pipeline\stage_02_prepare_base_model.py
    deps:
    - path: config\config.yaml
      hash: md5
      md5: 031dae50f185bda7e74ed874513ec6c9
      size: 1051
    - path: src\cnnClassifier\pipeline\stage_02_prepare_base_model.py
      hash: md5
      md5: 2f028602dd663193c48b67f72fcc502b
      size: 956
    params:
      params.yaml:
        IMAGE_SIZE:
        - 224
        - 224
        - 3
        LEARNING_RATE: 0.001
    outs:
    - path: artifacts/prepare_base_model
      hash: md5
      md5: 1671e39b74b4fd3b4bc6792d9326d36b.dir
      size: 10818680
      nfiles: 1
  model_training:
    cmd: python src\cnnClassifier\pipeline\stage_03_model_training.py
    deps:
    - path: artifacts\data_ingestion\Data-CS-DVC
      hash: md5
      md5: 610035a60297d85b632bea6839d1f6f0.dir
      size: 36839656
      nfiles: 332
    - path: artifacts\prepare_base_model
      hash: md5
      md5: 1671e39b74b4fd3b4bc6792d9326d36b.dir
      size: 10818680
      nfiles: 1
    - path: config\config.yaml
      hash: md5
      md5: 031dae50f185bda7e74ed874513ec6c9
      size: 1051
    - path: src\cnnClassifier\pipeline\stage_03_model_training.py
      hash: md5
      md5: 54bbfe18f5606a28a2ce678e0e289a77
      size: 910
    params:
      params.yaml:
        AUGMENTATION: true
        BATCH_SIZE: 16
        EPOCHS: 1
        IMAGE_SIZE:
        - 224
        - 224
        - 3
    outs:
    - path: artifacts/training/model.h5
      hash: md5
      md5: a43c04347615ba06df29261eb3ae7d9d
      size: 21503424
  evaluation:
    cmd: python src\cnnClassifier\pipeline\stage_04_model_evaluation_with_mlflow.py
    deps:
    - path: artifacts/training/model.h5
      hash: md5
      md5: a43c04347615ba06df29261eb3ae7d9d
      size: 21503424
    - path: artifacts\data_ingestion\Data-CS-DVC
      hash: md5
      md5: 610035a60297d85b632bea6839d1f6f0.dir
      size: 36839656
      nfiles: 332
    - path: config\config.yaml
      hash: md5
      md5: 031dae50f185bda7e74ed874513ec6c9
      size: 1051
    - path: src\cnnClassifier\pipeline\stage_04_model_evaluation_with_mlflow.py
      hash: md5
      md5: b2bf76157733e6097df85d61b364e0ce
      size: 886
    params:
      params.yaml:
        BATCH_SIZE: 16
        IMAGE_SIZE:
        - 224
        - 224
        - 3
    outs:
    - path: scores.json
      hash: md5
      md5: 83efd64fd73cf2d81056db97f42327ba
      size: 130
  model_split:
    cmd: python src\cnnClassifier\pipeline\stage_05_model_split.py
    deps:
    - path: artifacts/training/model.h5
      hash: md5
      md5: a43c04347615ba06df29261eb3ae7d9d
      size: 21503424
    - path: config\config.yaml
      hash: md5
      md5: 031dae50f185bda7e74ed874513ec6c9
      size: 1051
    - path: src\cnnClassifier\pipeline\stage_05_model_split.py
      hash: md5
      md5: 5b53dc671dd81b62f76b62159f562af6
      size: 911
    outs:
    - path: artifacts\split_model\hiding.h5
      hash: md5
      md5: 2622a394a22fb6260ec77ce92d4ef6b9
      size: 7692248
    - path: artifacts\split_model\reveal.h5
      hash: md5
      md5: a10d16f885530710af4d54fd0df00069
      size: 3102960
